// !$*UTF8*$!
{
	archiveVersion = 1;
	classes = {
	};
	objectVersion = 55;
	objects = {

/* Begin PBXBuildFile section */
		89AE5797A9CB9DEC13F1FFDD /* Pods_Trivia.framework in Frameworks */ = {isa = PBXBuildFile; fileRef = 81894A142FB673DFD526E02F /* Pods_Trivia.framework */; };
		8A04454E2733558000AC0E29 /* TabBarViewController.swift in Sources */ = {isa = PBXBuildFile; fileRef = 8A04454D2733558000AC0E29 /* TabBarViewController.swift */; };
		8A4C32A0273C7783005B7291 /* QuestionViewModel.swift in Sources */ = {isa = PBXBuildFile; fileRef = 8A4C329F273C7783005B7291 /* QuestionViewModel.swift */; };
		8A4D3FD1272E24A400D3FD17 /* AppDelegate.swift in Sources */ = {isa = PBXBuildFile; fileRef = 8A4D3FD0272E24A400D3FD17 /* AppDelegate.swift */; };
		8A4D3FD3272E24A400D3FD17 /* SceneDelegate.swift in Sources */ = {isa = PBXBuildFile; fileRef = 8A4D3FD2272E24A400D3FD17 /* SceneDelegate.swift */; };
		8A4D3FD5272E24A400D3FD17 /* ViewController.swift in Sources */ = {isa = PBXBuildFile; fileRef = 8A4D3FD4272E24A400D3FD17 /* ViewController.swift */; };
		8A4D3FDD272E24A700D3FD17 /* LaunchScreen.storyboard in Resources */ = {isa = PBXBuildFile; fileRef = 8A4D3FDB272E24A700D3FD17 /* LaunchScreen.storyboard */; };
		8A4D3FE5272E356500D3FD17 /* Assets.xcassets in Resources */ = {isa = PBXBuildFile; fileRef = 8A4D3FD9272E24A700D3FD17 /* Assets.xcassets */; };
		8A4D3FE8272E374400D3FD17 /* InitialViewController.swift in Sources */ = {isa = PBXBuildFile; fileRef = 8A4D3FE6272E374400D3FD17 /* InitialViewController.swift */; };
		8A4D3FE9272E374400D3FD17 /* InitialViewController.xib in Resources */ = {isa = PBXBuildFile; fileRef = 8A4D3FE7272E374400D3FD17 /* InitialViewController.xib */; };
		8A4F3BD82735743A006F7B71 /* CategoriesViewModel.swift in Sources */ = {isa = PBXBuildFile; fileRef = 8A4F3BD72735743A006F7B71 /* CategoriesViewModel.swift */; };
		8A4F3BDA27357626006F7B71 /* Question.swift in Sources */ = {isa = PBXBuildFile; fileRef = 8A4F3BD927357626006F7B71 /* Question.swift */; };
		8A4F3BDC27357674006F7B71 /* Category.swift in Sources */ = {isa = PBXBuildFile; fileRef = 8A4F3BDB27357674006F7B71 /* Category.swift */; };
		8A4F3BDE273576B3006F7B71 /* QuestionsService.swift in Sources */ = {isa = PBXBuildFile; fileRef = 8A4F3BDD273576B3006F7B71 /* QuestionsService.swift */; };
		8A4F3BE0273576CD006F7B71 /* CategoriesService.swift in Sources */ = {isa = PBXBuildFile; fileRef = 8A4F3BDF273576CD006F7B71 /* CategoriesService.swift */; };
		8A4F3BE22735785E006F7B71 /* AlamofireAPIClient.swift in Sources */ = {isa = PBXBuildFile; fileRef = 8A4F3BE12735785E006F7B71 /* AlamofireAPIClient.swift */; };
		8A4F3BE7273605D0006F7B71 /* InformationViewController.swift in Sources */ = {isa = PBXBuildFile; fileRef = 8A4F3BE5273605D0006F7B71 /* InformationViewController.swift */; };
		8A4F3BE8273605D0006F7B71 /* InformationViewController.xib in Resources */ = {isa = PBXBuildFile; fileRef = 8A4F3BE6273605D0006F7B71 /* InformationViewController.xib */; };
		8A86B9E127331241008F4988 /* QuestionViewController.swift in Sources */ = {isa = PBXBuildFile; fileRef = 8A86B9DF27331241008F4988 /* QuestionViewController.swift */; };
		8A86B9E227331241008F4988 /* QuestionViewController.xib in Resources */ = {isa = PBXBuildFile; fileRef = 8A86B9E027331241008F4988 /* QuestionViewController.xib */; };
		8A86B9E52733348A008F4988 /* CategoriesViewController.swift in Sources */ = {isa = PBXBuildFile; fileRef = 8A86B9E32733348A008F4988 /* CategoriesViewController.swift */; };
		8A86B9E62733348A008F4988 /* CategoriesViewController.xib in Resources */ = {isa = PBXBuildFile; fileRef = 8A86B9E42733348A008F4988 /* CategoriesViewController.xib */; };
/* End PBXBuildFile section */

/* Begin PBXFileReference section */
		7485D8C11D727706AD4E239B /* Pods-Trivia.release.xcconfig */ = {isa = PBXFileReference; includeInIndex = 1; lastKnownFileType = text.xcconfig; name = "Pods-Trivia.release.xcconfig"; path = "Target Support Files/Pods-Trivia/Pods-Trivia.release.xcconfig"; sourceTree = "<group>"; };
		81894A142FB673DFD526E02F /* Pods_Trivia.framework */ = {isa = PBXFileReference; explicitFileType = wrapper.framework; includeInIndex = 0; path = Pods_Trivia.framework; sourceTree = BUILT_PRODUCTS_DIR; };
		8A04454D2733558000AC0E29 /* TabBarViewController.swift */ = {isa = PBXFileReference; lastKnownFileType = sourcecode.swift; path = TabBarViewController.swift; sourceTree = "<group>"; };
		8A4C329F273C7783005B7291 /* QuestionViewModel.swift */ = {isa = PBXFileReference; lastKnownFileType = sourcecode.swift; path = QuestionViewModel.swift; sourceTree = "<group>"; };
		8A4D3FCD272E24A400D3FD17 /* Trivia.app */ = {isa = PBXFileReference; explicitFileType = wrapper.application; includeInIndex = 0; path = Trivia.app; sourceTree = BUILT_PRODUCTS_DIR; };
		8A4D3FD0272E24A400D3FD17 /* AppDelegate.swift */ = {isa = PBXFileReference; lastKnownFileType = sourcecode.swift; path = AppDelegate.swift; sourceTree = "<group>"; };
		8A4D3FD2272E24A400D3FD17 /* SceneDelegate.swift */ = {isa = PBXFileReference; lastKnownFileType = sourcecode.swift; path = SceneDelegate.swift; sourceTree = "<group>"; };
		8A4D3FD4272E24A400D3FD17 /* ViewController.swift */ = {isa = PBXFileReference; lastKnownFileType = sourcecode.swift; path = ViewController.swift; sourceTree = "<group>"; };
		8A4D3FD9272E24A700D3FD17 /* Assets.xcassets */ = {isa = PBXFileReference; lastKnownFileType = folder.assetcatalog; path = Assets.xcassets; sourceTree = "<group>"; };
		8A4D3FDC272E24A700D3FD17 /* Base */ = {isa = PBXFileReference; lastKnownFileType = file.storyboard; name = Base; path = Base.lproj/LaunchScreen.storyboard; sourceTree = "<group>"; };
		8A4D3FDE272E24A700D3FD17 /* Info.plist */ = {isa = PBXFileReference; lastKnownFileType = text.plist.xml; path = Info.plist; sourceTree = "<group>"; };
		8A4D3FE6272E374400D3FD17 /* InitialViewController.swift */ = {isa = PBXFileReference; lastKnownFileType = sourcecode.swift; path = InitialViewController.swift; sourceTree = "<group>"; };
		8A4D3FE7272E374400D3FD17 /* InitialViewController.xib */ = {isa = PBXFileReference; lastKnownFileType = file.xib; path = InitialViewController.xib; sourceTree = "<group>"; };
		8A4F3BD72735743A006F7B71 /* CategoriesViewModel.swift */ = {isa = PBXFileReference; lastKnownFileType = sourcecode.swift; path = CategoriesViewModel.swift; sourceTree = "<group>"; };
		8A4F3BD927357626006F7B71 /* Question.swift */ = {isa = PBXFileReference; lastKnownFileType = sourcecode.swift; path = Question.swift; sourceTree = "<group>"; };
		8A4F3BDB27357674006F7B71 /* Category.swift */ = {isa = PBXFileReference; lastKnownFileType = sourcecode.swift; path = Category.swift; sourceTree = "<group>"; };
		8A4F3BDD273576B3006F7B71 /* QuestionsService.swift */ = {isa = PBXFileReference; lastKnownFileType = sourcecode.swift; path = QuestionsService.swift; sourceTree = "<group>"; };
		8A4F3BDF273576CD006F7B71 /* CategoriesService.swift */ = {isa = PBXFileReference; lastKnownFileType = sourcecode.swift; path = CategoriesService.swift; sourceTree = "<group>"; };
		8A4F3BE12735785E006F7B71 /* AlamofireAPIClient.swift */ = {isa = PBXFileReference; lastKnownFileType = sourcecode.swift; path = AlamofireAPIClient.swift; sourceTree = "<group>"; };
		8A4F3BE5273605D0006F7B71 /* InformationViewController.swift */ = {isa = PBXFileReference; lastKnownFileType = sourcecode.swift; path = InformationViewController.swift; sourceTree = "<group>"; };
		8A4F3BE6273605D0006F7B71 /* InformationViewController.xib */ = {isa = PBXFileReference; lastKnownFileType = file.xib; path = InformationViewController.xib; sourceTree = "<group>"; };
		8A86B9DF27331241008F4988 /* QuestionViewController.swift */ = {isa = PBXFileReference; lastKnownFileType = sourcecode.swift; path = QuestionViewController.swift; sourceTree = "<group>"; };
		8A86B9E027331241008F4988 /* QuestionViewController.xib */ = {isa = PBXFileReference; lastKnownFileType = file.xib; path = QuestionViewController.xib; sourceTree = "<group>"; };
		8A86B9E32733348A008F4988 /* CategoriesViewController.swift */ = {isa = PBXFileReference; lastKnownFileType = sourcecode.swift; path = CategoriesViewController.swift; sourceTree = "<group>"; };
		8A86B9E42733348A008F4988 /* CategoriesViewController.xib */ = {isa = PBXFileReference; lastKnownFileType = file.xib; path = CategoriesViewController.xib; sourceTree = "<group>"; };
		D9751754491483DF32FC28AA /* Pods-Trivia.debug.xcconfig */ = {isa = PBXFileReference; includeInIndex = 1; lastKnownFileType = text.xcconfig; name = "Pods-Trivia.debug.xcconfig"; path = "Target Support Files/Pods-Trivia/Pods-Trivia.debug.xcconfig"; sourceTree = "<group>"; };
/* End PBXFileReference section */

/* Begin PBXFrameworksBuildPhase section */
		8A4D3FCA272E24A400D3FD17 /* Frameworks */ = {
			isa = PBXFrameworksBuildPhase;
			buildActionMask = 2147483647;
			files = (
				89AE5797A9CB9DEC13F1FFDD /* Pods_Trivia.framework in Frameworks */,
			);
			runOnlyForDeploymentPostprocessing = 0;
		};
/* End PBXFrameworksBuildPhase section */

/* Begin PBXGroup section */
		10F4A259CDC9CA4FF2BBC4A7 /* Pods */ = {
			isa = PBXGroup;
			children = (
				D9751754491483DF32FC28AA /* Pods-Trivia.debug.xcconfig */,
				7485D8C11D727706AD4E239B /* Pods-Trivia.release.xcconfig */,
			);
			path = Pods;
			sourceTree = "<group>";
		};
		8A49345E273DC5F90009C1C1 /* Views */ = {
			isa = PBXGroup;
			children = (
				8A4D3FDB272E24A700D3FD17 /* LaunchScreen.storyboard */,
				8A4D3FE7272E374400D3FD17 /* InitialViewController.xib */,
				8A4F3BE6273605D0006F7B71 /* InformationViewController.xib */,
				8A86B9E027331241008F4988 /* QuestionViewController.xib */,
				8A86B9E42733348A008F4988 /* CategoriesViewController.xib */,
			);
			path = Views;
			sourceTree = "<group>";
		};
		8A49345F273DC64B0009C1C1 /* App */ = {
			isa = PBXGroup;
			children = (
				8A4D3FD0272E24A400D3FD17 /* AppDelegate.swift */,
				8A4D3FD2272E24A400D3FD17 /* SceneDelegate.swift */,
				8A4D3FD4272E24A400D3FD17 /* ViewController.swift */,
				8A4D3FD9272E24A700D3FD17 /* Assets.xcassets */,
			);
			path = App;
			sourceTree = "<group>";
		};
		8A493460273DC6F10009C1C1 /* Controllers */ = {
			isa = PBXGroup;
			children = (
				8A4D3FE6272E374400D3FD17 /* InitialViewController.swift */,
				8A86B9DF27331241008F4988 /* QuestionViewController.swift */,
				8A4F3BE5273605D0006F7B71 /* InformationViewController.swift */,
				8A86B9E32733348A008F4988 /* CategoriesViewController.swift */,
				8A04454D2733558000AC0E29 /* TabBarViewController.swift */,
			);
			path = Controllers;
			sourceTree = "<group>";
		};
		8A493461273DC7470009C1C1 /* Models */ = {
			isa = PBXGroup;
			children = (
				8A4F3BDB27357674006F7B71 /* Category.swift */,
				8A4F3BD927357626006F7B71 /* Question.swift */,
			);
			path = Models;
			sourceTree = "<group>";
		};
		8A493462273DC75E0009C1C1 /* Services */ = {
			isa = PBXGroup;
			children = (
				8A4F3BDF273576CD006F7B71 /* CategoriesService.swift */,
				8A4F3BE12735785E006F7B71 /* AlamofireAPIClient.swift */,
				8A4F3BDD273576B3006F7B71 /* QuestionsService.swift */,
			);
			path = Services;
			sourceTree = "<group>";
		};
		8A493463273DC7760009C1C1 /* ViewModels */ = {
			isa = PBXGroup;
			children = (
				8A4C329F273C7783005B7291 /* QuestionViewModel.swift */,
				8A4F3BD72735743A006F7B71 /* CategoriesViewModel.swift */,
			);
			path = ViewModels;
			sourceTree = "<group>";
		};
		8A4D3FC4272E24A400D3FD17 = {
			isa = PBXGroup;
			children = (
				8A4D3FCF272E24A400D3FD17 /* Trivia */,
				8A4D3FCE272E24A400D3FD17 /* Products */,
				10F4A259CDC9CA4FF2BBC4A7 /* Pods */,
				F01EDE2B7723A1A8D719493D /* Frameworks */,
			);
			sourceTree = "<group>";
		};
		8A4D3FCE272E24A400D3FD17 /* Products */ = {
			isa = PBXGroup;
			children = (
				8A4D3FCD272E24A400D3FD17 /* Trivia.app */,
			);
			name = Products;
			sourceTree = "<group>";
		};
		8A4D3FCF272E24A400D3FD17 /* Trivia */ = {
			isa = PBXGroup;
			children = (
				8A493463273DC7760009C1C1 /* ViewModels */,
				8A493462273DC75E0009C1C1 /* Services */,
				8A493461273DC7470009C1C1 /* Models */,
				8A493460273DC6F10009C1C1 /* Controllers */,
				8A49345F273DC64B0009C1C1 /* App */,
				8A49345E273DC5F90009C1C1 /* Views */,
				8A4D3FDE272E24A700D3FD17 /* Info.plist */,
			);
			path = Trivia;
			sourceTree = "<group>";
		};
		F01EDE2B7723A1A8D719493D /* Frameworks */ = {
			isa = PBXGroup;
			children = (
				81894A142FB673DFD526E02F /* Pods_Trivia.framework */,
			);
			name = Frameworks;
			sourceTree = "<group>";
		};
/* End PBXGroup section */

/* Begin PBXNativeTarget section */
		8A4D3FCC272E24A400D3FD17 /* Trivia */ = {
			isa = PBXNativeTarget;
			buildConfigurationList = 8A4D3FE1272E24A700D3FD17 /* Build configuration list for PBXNativeTarget "Trivia" */;
			buildPhases = (
				3E3BAE906001F2572021896E /* [CP] Check Pods Manifest.lock */,
				8A4D3FC9272E24A400D3FD17 /* Sources */,
				8A4D3FCA272E24A400D3FD17 /* Frameworks */,
				8A4D3FCB272E24A400D3FD17 /* Resources */,
				A40A86A68D80608C82E6FBCC /* [CP] Embed Pods Frameworks */,
			);
			buildRules = (
			);
			dependencies = (
			);
			name = Trivia;
			productName = Trivia;
			productReference = 8A4D3FCD272E24A400D3FD17 /* Trivia.app */;
			productType = "com.apple.product-type.application";
		};
/* End PBXNativeTarget section */

/* Begin PBXProject section */
		8A4D3FC5272E24A400D3FD17 /* Project object */ = {
			isa = PBXProject;
			attributes = {
				BuildIndependentTargetsInParallel = 1;
				LastSwiftUpdateCheck = 1300;
				LastUpgradeCheck = 1300;
				TargetAttributes = {
					8A4D3FCC272E24A400D3FD17 = {
						CreatedOnToolsVersion = 13.0;
					};
				};
			};
			buildConfigurationList = 8A4D3FC8272E24A400D3FD17 /* Build configuration list for PBXProject "Trivia" */;
			compatibilityVersion = "Xcode 13.0";
			developmentRegion = en;
			hasScannedForEncodings = 0;
			knownRegions = (
				en,
				Base,
			);
			mainGroup = 8A4D3FC4272E24A400D3FD17;
			productRefGroup = 8A4D3FCE272E24A400D3FD17 /* Products */;
			projectDirPath = "";
			projectRoot = "";
			targets = (
				8A4D3FCC272E24A400D3FD17 /* Trivia */,
			);
		};
/* End PBXProject section */

/* Begin PBXResourcesBuildPhase section */
		8A4D3FCB272E24A400D3FD17 /* Resources */ = {
			isa = PBXResourcesBuildPhase;
			buildActionMask = 2147483647;
			files = (
				8A4D3FDD272E24A700D3FD17 /* LaunchScreen.storyboard in Resources */,
				8A4D3FE5272E356500D3FD17 /* Assets.xcassets in Resources */,
				8A86B9E62733348A008F4988 /* CategoriesViewController.xib in Resources */,
				8A86B9E227331241008F4988 /* QuestionViewController.xib in Resources */,
				8A4D3FE9272E374400D3FD17 /* InitialViewController.xib in Resources */,
				8A4F3BE8273605D0006F7B71 /* InformationViewController.xib in Resources */,
			);
			runOnlyForDeploymentPostprocessing = 0;
		};
/* End PBXResourcesBuildPhase section */

/* Begin PBXShellScriptBuildPhase section */
		3E3BAE906001F2572021896E /* [CP] Check Pods Manifest.lock */ = {
			isa = PBXShellScriptBuildPhase;
			buildActionMask = 2147483647;
			files = (
			);
			inputFileListPaths = (
			);
			inputPaths = (
				"${PODS_PODFILE_DIR_PATH}/Podfile.lock",
				"${PODS_ROOT}/Manifest.lock",
			);
			name = "[CP] Check Pods Manifest.lock";
			outputFileListPaths = (
			);
			outputPaths = (
				"$(DERIVED_FILE_DIR)/Pods-Trivia-checkManifestLockResult.txt",
			);
			runOnlyForDeploymentPostprocessing = 0;
			shellPath = /bin/sh;
			shellScript = "diff \"${PODS_PODFILE_DIR_PATH}/Podfile.lock\" \"${PODS_ROOT}/Manifest.lock\" > /dev/null\nif [ $? != 0 ] ; then\n    # print error to STDERR\n    echo \"error: The sandbox is not in sync with the Podfile.lock. Run 'pod install' or update your CocoaPods installation.\" >&2\n    exit 1\nfi\n# This output is used by Xcode 'outputs' to avoid re-running this script phase.\necho \"SUCCESS\" > \"${SCRIPT_OUTPUT_FILE_0}\"\n";
			showEnvVarsInLog = 0;
		};
		A40A86A68D80608C82E6FBCC /* [CP] Embed Pods Frameworks */ = {
			isa = PBXShellScriptBuildPhase;
			buildActionMask = 2147483647;
			files = (
			);
			inputFileListPaths = (
				"${PODS_ROOT}/Target Support Files/Pods-Trivia/Pods-Trivia-frameworks-${CONFIGURATION}-input-files.xcfilelist",
			);
			name = "[CP] Embed Pods Frameworks";
			outputFileListPaths = (
				"${PODS_ROOT}/Target Support Files/Pods-Trivia/Pods-Trivia-frameworks-${CONFIGURATION}-output-files.xcfilelist",
			);
			runOnlyForDeploymentPostprocessing = 0;
			shellPath = /bin/sh;
			shellScript = "\"${PODS_ROOT}/Target Support Files/Pods-Trivia/Pods-Trivia-frameworks.sh\"\n";
			showEnvVarsInLog = 0;
		};
/* End PBXShellScriptBuildPhase section */

/* Begin PBXSourcesBuildPhase section */
		8A4D3FC9272E24A400D3FD17 /* Sources */ = {
			isa = PBXSourcesBuildPhase;
			buildActionMask = 2147483647;
			files = (
				8A4F3BE22735785E006F7B71 /* AlamofireAPIClient.swift in Sources */,
				8A4D3FD5272E24A400D3FD17 /* ViewController.swift in Sources */,
				8A4F3BDC27357674006F7B71 /* Category.swift in Sources */,
				8A86B9E127331241008F4988 /* QuestionViewController.swift in Sources */,
				8A86B9E52733348A008F4988 /* CategoriesViewController.swift in Sources */,
				8A4F3BDE273576B3006F7B71 /* QuestionsService.swift in Sources */,
				8A4F3BE0273576CD006F7B71 /* CategoriesService.swift in Sources */,
				8A4C32A0273C7783005B7291 /* QuestionViewModel.swift in Sources */,
				8A4F3BDA27357626006F7B71 /* Question.swift in Sources */,
				8A4D3FD1272E24A400D3FD17 /* AppDelegate.swift in Sources */,
				8A4F3BE7273605D0006F7B71 /* InformationViewController.swift in Sources */,
				8A04454E2733558000AC0E29 /* TabBarViewController.swift in Sources */,
				8A4D3FD3272E24A400D3FD17 /* SceneDelegate.swift in Sources */,
				8A4F3BD82735743A006F7B71 /* CategoriesViewModel.swift in Sources */,
				8A4D3FE8272E374400D3FD17 /* InitialViewController.swift in Sources */,
			);
			runOnlyForDeploymentPostprocessing = 0;
		};
/* End PBXSourcesBuildPhase section */

/* Begin PBXVariantGroup section */
		8A4D3FDB272E24A700D3FD17 /* LaunchScreen.storyboard */ = {
			isa = PBXVariantGroup;
			children = (
				8A4D3FDC272E24A700D3FD17 /* Base */,
			);
			name = LaunchScreen.storyboard;
			sourceTree = "<group>";
		};
/* End PBXVariantGroup section */

/* Begin XCBuildConfiguration section */
		8A4D3FDF272E24A700D3FD17 /* Debug */ = {
			isa = XCBuildConfiguration;
			buildSettings = {
				ALWAYS_SEARCH_USER_PATHS = NO;
				CLANG_ANALYZER_NONNULL = YES;
				CLANG_ANALYZER_NUMBER_OBJECT_CONVERSION = YES_AGGRESSIVE;
				CLANG_CXX_LANGUAGE_STANDARD = "gnu++17";
				CLANG_CXX_LIBRARY = "libc++";
				CLANG_ENABLE_MODULES = YES;
				CLANG_ENABLE_OBJC_ARC = YES;
				CLANG_ENABLE_OBJC_WEAK = YES;
				CLANG_WARN_BLOCK_CAPTURE_AUTORELEASING = YES;
				CLANG_WARN_BOOL_CONVERSION = YES;
				CLANG_WARN_COMMA = YES;
				CLANG_WARN_CONSTANT_CONVERSION = YES;
				CLANG_WARN_DEPRECATED_OBJC_IMPLEMENTATIONS = YES;
				CLANG_WARN_DIRECT_OBJC_ISA_USAGE = YES_ERROR;
				CLANG_WARN_DOCUMENTATION_COMMENTS = YES;
				CLANG_WARN_EMPTY_BODY = YES;
				CLANG_WARN_ENUM_CONVERSION = YES;
				CLANG_WARN_INFINITE_RECURSION = YES;
				CLANG_WARN_INT_CONVERSION = YES;
				CLANG_WARN_NON_LITERAL_NULL_CONVERSION = YES;
				CLANG_WARN_OBJC_IMPLICIT_RETAIN_SELF = YES;
				CLANG_WARN_OBJC_LITERAL_CONVERSION = YES;
				CLANG_WARN_OBJC_ROOT_CLASS = YES_ERROR;
				CLANG_WARN_QUOTED_INCLUDE_IN_FRAMEWORK_HEADER = YES;
				CLANG_WARN_RANGE_LOOP_ANALYSIS = YES;
				CLANG_WARN_STRICT_PROTOTYPES = YES;
				CLANG_WARN_SUSPICIOUS_MOVE = YES;
				CLANG_WARN_UNGUARDED_AVAILABILITY = YES_AGGRESSIVE;
				CLANG_WARN_UNREACHABLE_CODE = YES;
				CLANG_WARN__DUPLICATE_METHOD_MATCH = YES;
				COPY_PHASE_STRIP = NO;
				DEBUG_INFORMATION_FORMAT = dwarf;
				ENABLE_STRICT_OBJC_MSGSEND = YES;
				ENABLE_TESTABILITY = YES;
				GCC_C_LANGUAGE_STANDARD = gnu11;
				GCC_DYNAMIC_NO_PIC = NO;
				GCC_NO_COMMON_BLOCKS = YES;
				GCC_OPTIMIZATION_LEVEL = 0;
				GCC_PREPROCESSOR_DEFINITIONS = (
					"DEBUG=1",
					"$(inherited)",
				);
				GCC_WARN_64_TO_32_BIT_CONVERSION = YES;
				GCC_WARN_ABOUT_RETURN_TYPE = YES_ERROR;
				GCC_WARN_UNDECLARED_SELECTOR = YES;
				GCC_WARN_UNINITIALIZED_AUTOS = YES_AGGRESSIVE;
				GCC_WARN_UNUSED_FUNCTION = YES;
				GCC_WARN_UNUSED_VARIABLE = YES;
				IPHONEOS_DEPLOYMENT_TARGET = 15.0;
				MTL_ENABLE_DEBUG_INFO = INCLUDE_SOURCE;
				MTL_FAST_MATH = YES;
				ONLY_ACTIVE_ARCH = YES;
				SDKROOT = iphoneos;
				SWIFT_ACTIVE_COMPILATION_CONDITIONS = DEBUG;
				SWIFT_OPTIMIZATION_LEVEL = "-Onone";
			};
			name = Debug;
		};
		8A4D3FE0272E24A700D3FD17 /* Release */ = {
			isa = XCBuildConfiguration;
			buildSettings = {
				ALWAYS_SEARCH_USER_PATHS = NO;
				CLANG_ANALYZER_NONNULL = YES;
				CLANG_ANALYZER_NUMBER_OBJECT_CONVERSION = YES_AGGRESSIVE;
				CLANG_CXX_LANGUAGE_STANDARD = "gnu++17";
				CLANG_CXX_LIBRARY = "libc++";
				CLANG_ENABLE_MODULES = YES;
				CLANG_ENABLE_OBJC_ARC = YES;
				CLANG_ENABLE_OBJC_WEAK = YES;
				CLANG_WARN_BLOCK_CAPTURE_AUTORELEASING = YES;
				CLANG_WARN_BOOL_CONVERSION = YES;
				CLANG_WARN_COMMA = YES;
				CLANG_WARN_CONSTANT_CONVERSION = YES;
				CLANG_WARN_DEPRECATED_OBJC_IMPLEMENTATIONS = YES;
				CLANG_WARN_DIRECT_OBJC_ISA_USAGE = YES_ERROR;
				CLANG_WARN_DOCUMENTATION_COMMENTS = YES;
				CLANG_WARN_EMPTY_BODY = YES;
				CLANG_WARN_ENUM_CONVERSION = YES;
				CLANG_WARN_INFINITE_RECURSION = YES;
				CLANG_WARN_INT_CONVERSION = YES;
				CLANG_WARN_NON_LITERAL_NULL_CONVERSION = YES;
				CLANG_WARN_OBJC_IMPLICIT_RETAIN_SELF = YES;
				CLANG_WARN_OBJC_LITERAL_CONVERSION = YES;
				CLANG_WARN_OBJC_ROOT_CLASS = YES_ERROR;
				CLANG_WARN_QUOTED_INCLUDE_IN_FRAMEWORK_HEADER = YES;
				CLANG_WARN_RANGE_LOOP_ANALYSIS = YES;
				CLANG_WARN_STRICT_PROTOTYPES = YES;
				CLANG_WARN_SUSPICIOUS_MOVE = YES;
				CLANG_WARN_UNGUARDED_AVAILABILITY = YES_AGGRESSIVE;
				CLANG_WARN_UNREACHABLE_CODE = YES;
				CLANG_WARN__DUPLICATE_METHOD_MATCH = YES;
				COPY_PHASE_STRIP = NO;
				DEBUG_INFORMATION_FORMAT = "dwarf-with-dsym";
				ENABLE_NS_ASSERTIONS = NO;
				ENABLE_STRICT_OBJC_MSGSEND = YES;
				GCC_C_LANGUAGE_STANDARD = gnu11;
				GCC_NO_COMMON_BLOCKS = YES;
				GCC_WARN_64_TO_32_BIT_CONVERSION = YES;
				GCC_WARN_ABOUT_RETURN_TYPE = YES_ERROR;
				GCC_WARN_UNDECLARED_SELECTOR = YES;
				GCC_WARN_UNINITIALIZED_AUTOS = YES_AGGRESSIVE;
				GCC_WARN_UNUSED_FUNCTION = YES;
				GCC_WARN_UNUSED_VARIABLE = YES;
				IPHONEOS_DEPLOYMENT_TARGET = 15.0;
				MTL_ENABLE_DEBUG_INFO = NO;
				MTL_FAST_MATH = YES;
				SDKROOT = iphoneos;
				SWIFT_COMPILATION_MODE = wholemodule;
				SWIFT_OPTIMIZATION_LEVEL = "-O";
				VALIDATE_PRODUCT = YES;
			};
			name = Release;
		};
		8A4D3FE2272E24A700D3FD17 /* Debug */ = {
			isa = XCBuildConfiguration;
			baseConfigurationReference = D9751754491483DF32FC28AA /* Pods-Trivia.debug.xcconfig */;
			buildSettings = {
				ASSETCATALOG_COMPILER_APPICON_NAME = "AppIcon-1";
				ASSETCATALOG_COMPILER_GLOBAL_ACCENT_COLOR_NAME = AccentColor;
				ASSETCATALOG_COMPILER_INCLUDE_ALL_APPICON_ASSETS = YES;
				CODE_SIGN_STYLE = Automatic;
				CURRENT_PROJECT_VERSION = 1;
				DEVELOPMENT_TEAM = 24AHTLRXV2;
				GENERATE_INFOPLIST_FILE = YES;
				INFOPLIST_FILE = Trivia/Info.plist;
				INFOPLIST_KEY_NSMainNibFile = InitialViewController;
				INFOPLIST_KEY_UIApplicationSupportsIndirectInputEvents = YES;
				INFOPLIST_KEY_UILaunchStoryboardName = LaunchScreen;
				INFOPLIST_KEY_UIRequiresFullScreen = NO;
				INFOPLIST_KEY_UISupportedInterfaceOrientations = UIInterfaceOrientationPortrait;
				INFOPLIST_KEY_UISupportedInterfaceOrientations_iPad = "UIInterfaceOrientationPortrait UIInterfaceOrientationPortraitUpsideDown UIInterfaceOrientationLandscapeLeft UIInterfaceOrientationLandscapeRight";
				INFOPLIST_KEY_UISupportedInterfaceOrientations_iPhone = "UIInterfaceOrientationPortrait UIInterfaceOrientationLandscapeLeft UIInterfaceOrientationLandscapeRight";
				IPHONEOS_DEPLOYMENT_TARGET = 15.0;
				LD_RUNPATH_SEARCH_PATHS = (
					"$(inherited)",
					"@executable_path/Frameworks",
				);
				MARKETING_VERSION = 1.0;
				PRODUCT_BUNDLE_IDENTIFIER = MarianoUrielDelgado.Trivia;
				PRODUCT_NAME = "$(TARGET_NAME)";
				SWIFT_EMIT_LOC_STRINGS = YES;
				SWIFT_VERSION = 5.0;
				TARGETED_DEVICE_FAMILY = 1;
			};
			name = Debug;
		};
		8A4D3FE3272E24A700D3FD17 /* Release */ = {
			isa = XCBuildConfiguration;
			baseConfigurationReference = 7485D8C11D727706AD4E239B /* Pods-Trivia.release.xcconfig */;
			buildSettings = {
				ASSETCATALOG_COMPILER_APPICON_NAME = "AppIcon-1";
				ASSETCATALOG_COMPILER_GLOBAL_ACCENT_COLOR_NAME = AccentColor;
				ASSETCATALOG_COMPILER_INCLUDE_ALL_APPICON_ASSETS = YES;
				CODE_SIGN_STYLE = Automatic;
				CURRENT_PROJECT_VERSION = 1;
				DEVELOPMENT_TEAM = 24AHTLRXV2;
				GENERATE_INFOPLIST_FILE = YES;
				INFOPLIST_FILE = Trivia/Info.plist;
				INFOPLIST_KEY_NSMainNibFile = InitialViewController;
				INFOPLIST_KEY_UIApplicationSupportsIndirectInputEvents = YES;
				INFOPLIST_KEY_UILaunchStoryboardName = LaunchScreen;
				INFOPLIST_KEY_UIRequiresFullScreen = NO;
				INFOPLIST_KEY_UISupportedInterfaceOrientations = UIInterfaceOrientationPortrait;
				INFOPLIST_KEY_UISupportedInterfaceOrientations_iPad = "UIInterfaceOrientationPortrait UIInterfaceOrientationPortraitUpsideDown UIInterfaceOrientationLandscapeLeft UIInterfaceOrientationLandscapeRight";
				INFOPLIST_KEY_UISupportedInterfaceOrientations_iPhone = "UIInterfaceOrientationPortrait UIInterfaceOrientationLandscapeLeft UIInterfaceOrientationLandscapeRight";
				IPHONEOS_DEPLOYMENT_TARGET = 15.0;
				LD_RUNPATH_SEARCH_PATHS = (
					"$(inherited)",
					"@executable_path/Frameworks",
				);
				MARKETING_VERSION = 1.0;
				PRODUCT_BUNDLE_IDENTIFIER = MarianoUrielDelgado.Trivia;
				PRODUCT_NAME = "$(TARGET_NAME)";
				SWIFT_EMIT_LOC_STRINGS = YES;
				SWIFT_VERSION = 5.0;
				TARGETED_DEVICE_FAMILY = 1;
			};
			name = Release;
		};
/* End XCBuildConfiguration section */

/* Begin XCConfigurationList section */
		8A4D3FC8272E24A400D3FD17 /* Build configuration list for PBXProject "Trivia" */ = {
			isa = XCConfigurationList;
			buildConfigurations = (
				8A4D3FDF272E24A700D3FD17 /* Debug */,
				8A4D3FE0272E24A700D3FD17 /* Release */,
			);
			defaultConfigurationIsVisible = 0;
			defaultConfigurationName = Release;
		};
		8A4D3FE1272E24A700D3FD17 /* Build configuration list for PBXNativeTarget "Trivia" */ = {
			isa = XCConfigurationList;
			buildConfigurations = (
				8A4D3FE2272E24A700D3FD17 /* Debug */,
				8A4D3FE3272E24A700D3FD17 /* Release */,
			);
			defaultConfigurationIsVisible = 0;
			defaultConfigurationName = Release;
		};
/* End XCConfigurationList section */
	};
	rootObject = 8A4D3FC5272E24A400D3FD17 /* Project object */;
}
